
Microsoft Visual Studio Solution File, Format Version 12.00
# Visual Studio Version 16
VisualStudioVersion = 16.0.28922.388
MinimumVisualStudioVersion = 10.0.40219.1
Project("{FAE04EC0-301F-11D3-BF4B-00C04F79EFBC}") = "HelperRepository", "HelperRepository\HelperRepository.csproj", "{0EA3D753-3C36-43EB-83C3-CF81CF20F546}"
EndProject
Project("{FAE04EC0-301F-11D3-BF4B-00C04F79EFBC}") = "HelperModel", "HelperModel\HelperModel.csproj", "{C50B2633-F8DA-49B1-8520-891E47584452}"
EndProject
Project("{FAE04EC0-301F-11D3-BF4B-00C04F79EFBC}") = "HelperAPI", "HelperAPI\HelperAPI.csproj", "{B9E510EC-3D7E-44C4-A5A9-6DD6C3F80275}"
EndProject
Global
	GlobalSection(SolutionConfigurationPlatforms) = preSolution
		Debug|Any CPU = Debug|Any CPU
		Release|Any CPU = Release|Any CPU
	EndGlobalSection
	GlobalSection(ProjectConfigurationPlatforms) = postSolution
		{0EA3D753-3C36-43EB-83C3-CF81CF20F546}.Debug|Any CPU.ActiveCfg = Debug|Any CPU
		{0EA3D753-3C36-43EB-83C3-CF81CF20F546}.Debug|Any CPU.Build.0 = Debug|Any CPU
		{0EA3D753-3C36-43EB-83C3-CF81CF20F546}.Release|Any CPU.ActiveCfg = Release|Any CPU
		{0EA3D753-3C36-43EB-83C3-CF81CF20F546}.Release|Any CPU.Build.0 = Release|Any CPU
		{C50B2633-F8DA-49B1-8520-891E47584452}.Debug|Any CPU.ActiveCfg = Debug|Any CPU
		{C50B2633-F8DA-49B1-8520-891E47584452}.Debug|Any CPU.Build.0 = Debug|Any CPU
		{C50B2633-F8DA-49B1-8520-891E47584452}.Release|Any CPU.ActiveCfg = Release|Any CPU
		{C50B2633-F8DA-49B1-8520-891E47584452}.Release|Any CPU.Build.0 = Release|Any CPU
		{B9E510EC-3D7E-44C4-A5A9-6DD6C3F80275}.Debug|Any CPU.ActiveCfg = Debug|Any CPU
		{B9E510EC-3D7E-44C4-A5A9-6DD6C3F80275}.Debug|Any CPU.Build.0 = Debug|Any CPU
		{B9E510EC-3D7E-44C4-A5A9-6DD6C3F80275}.Release|Any CPU.ActiveCfg = Release|Any CPU
		{B9E510EC-3D7E-44C4-A5A9-6DD6C3F80275}.Release|Any CPU.Build.0 = Release|Any CPU
	EndGlobalSection
	GlobalSection(SolutionProperties) = preSolution
		HideSolutionNode = FALSE
	EndGlobalSection
	GlobalSection(ExtensibilityGlobals) = postSolution
		SolutionGuid = {0FAED35D-061D-4A9A-B4DB-C1D1157EE947}
	EndGlobalSection
EndGlobal
